<Solution>
  <Folder Name="/src/">
    <Project Path="src/LibraryApi/LibraryApi.csproj" />
  </Folder>
  <Folder Name="/tests/">
    <Project Path="tests/LibraryApi.IntegrationTests/LibraryApi.IntegrationTests.csproj" />
    <Project Path="tests/LibraryApi.UnitTests/LibraryApi.UnitTests.csproj" />
  </Folder>
</Solution>
